PODS:
  - Alamofire (4.9.1)
  - SDWebImage (5.13.3):
    - SDWebImage/Core (= 5.13.3)
  - SDWebImage/Core (5.13.3)
  - SwiftyJSON (4.3.0)
  - Toaster (2.3.0)

DEPENDENCIES:
  - Alamofire (~> 4.0)
  - SDWebImage (~> 5.0)
  - SwiftyJSON (~> 4.0)
  - Toaster

SPEC REPOS:
  trunk:
    - Alamofire
    - SDWebImage
    - SwiftyJSON
    - Toaster

SPEC CHECKSUMS:
  Alamofire: 85e8a02c69d6020a0d734f6054870d7ecb75cf18
  SDWebImage: af5bbffef2cde09f148d826f9733dcde1a9414cd
  SwiftyJSON: 6faa0040f8b59dead0ee07436cbf76b73c08fd08
  Toaster: c3473963c78e8cabbf6ea6f11ad0fdaae6f54987

PODFILE CHECKSUM: 1744721b9f102b9bf8639bb0c4d9830e2e9d8d28

COCOAPODS: 1.11.3
